// !$*UTF8*$!
{
	archiveVersion = 1;
	classes = {
	};
	objectVersion = 52;
	objects = {

/* Begin PBXBuildFile section */
		7702E18A25CF2DC9003ECC3D /* ContributionsList.swift in Sources */ = {isa = PBXBuildFile; fileRef = 7702E18925CF2DC9003ECC3D /* ContributionsList.swift */; };
		771E3B54253CEB7600984A0B /* ArrayExtensions.swift in Sources */ = {isa = PBXBuildFile; fileRef = 771E3B4E253CEADD00984A0B /* ArrayExtensions.swift */; };
		771E3B5A253CEBCE00984A0B /* DateExtensions.swift in Sources */ = {isa = PBXBuildFile; fileRef = 771E3B59253CEBCE00984A0B /* DateExtensions.swift */; };
		771E3BA9253E423700984A0B /* GitHubContributionsGraphWidget.swift in Sources */ = {isa = PBXBuildFile; fileRef = 771E3BA8253E423700984A0B /* GitHubContributionsGraphWidget.swift */; };
		771E3BAF253E42BA00984A0B /* GitHubContributionsProvider.swift in Sources */ = {isa = PBXBuildFile; fileRef = 771E3BAE253E42BA00984A0B /* GitHubContributionsProvider.swift */; };
		771E3BB9253E440500984A0B /* ThemeExtensions.swift in Sources */ = {isa = PBXBuildFile; fileRef = 771E3BB8253E440500984A0B /* ThemeExtensions.swift */; };
		7761A6F52543BD82000871E3 /* ContributionsRow.swift in Sources */ = {isa = PBXBuildFile; fileRef = 7761A6F42543BD82000871E3 /* ContributionsRow.swift */; };
		7761A6FB2543BDB6000871E3 /* ContributionsRowViewModel.swift in Sources */ = {isa = PBXBuildFile; fileRef = 7761A6FA2543BDB6000871E3 /* ContributionsRowViewModel.swift */; };
		7761A75D2544A24C000871E3 /* Localizable.strings in Resources */ = {isa = PBXBuildFile; fileRef = 7761A75F2544A24C000871E3 /* Localizable.strings */; };
		7761A7642544A24F000871E3 /* Localizable.stringsdict in Resources */ = {isa = PBXBuildFile; fileRef = 7761A7662544A24F000871E3 /* Localizable.stringsdict */; };
		7761A76B2544A256000871E3 /* Localizable.stringsdict in Resources */ = {isa = PBXBuildFile; fileRef = 7761A76D2544A256000871E3 /* Localizable.stringsdict */; };
		7761A7722544A259000871E3 /* InfoPlist.strings in Resources */ = {isa = PBXBuildFile; fileRef = 7761A7742544A259000871E3 /* InfoPlist.strings */; };
		777D65F025379A23001029C4 /* GitHubContributionsApp.swift in Sources */ = {isa = PBXBuildFile; fileRef = 777D65EF25379A23001029C4 /* GitHubContributionsApp.swift */; };
		777D65F225379A23001029C4 /* SettingsView.swift in Sources */ = {isa = PBXBuildFile; fileRef = 777D65F125379A23001029C4 /* SettingsView.swift */; };
		777D65F425379A27001029C4 /* Assets.xcassets in Resources */ = {isa = PBXBuildFile; fileRef = 777D65F325379A27001029C4 /* Assets.xcassets */; };
		777D65F725379A27001029C4 /* Preview Assets.xcassets in Resources */ = {isa = PBXBuildFile; fileRef = 777D65F625379A27001029C4 /* Preview Assets.xcassets */; };
		777D66542537A18D001029C4 /* WidgetKit.framework in Frameworks */ = {isa = PBXBuildFile; fileRef = 777D66532537A18D001029C4 /* WidgetKit.framework */; };
		777D66562537A18D001029C4 /* SwiftUI.framework in Frameworks */ = {isa = PBXBuildFile; fileRef = 777D66552537A18D001029C4 /* SwiftUI.framework */; };
		777D66592537A18D001029C4 /* GitHubContributionsWidgetBundle.swift in Sources */ = {isa = PBXBuildFile; fileRef = 777D66582537A18D001029C4 /* GitHubContributionsWidgetBundle.swift */; };
		777D665C2537A18F001029C4 /* Assets.xcassets in Resources */ = {isa = PBXBuildFile; fileRef = 777D665B2537A18F001029C4 /* Assets.xcassets */; };
		777D66622537A18F001029C4 /* GitHubContributionsWidgetExtension.appex in Embed App Extensions */ = {isa = PBXBuildFile; fileRef = 777D66522537A18D001029C4 /* GitHubContributionsWidgetExtension.appex */; settings = {ATTRIBUTES = (RemoveHeadersOnCopy, ); }; };
		779B0F06253F8DA40046B7E1 /* SettingsViewModel.swift in Sources */ = {isa = PBXBuildFile; fileRef = 779B0F05253F8DA40046B7E1 /* SettingsViewModel.swift */; };
		77A722D92546620600B6064B /* GitHubContributionsWidget.intentdefinition in Sources */ = {isa = PBXBuildFile; fileRef = 77A722DC2546620600B6064B /* GitHubContributionsWidget.intentdefinition */; };
		77A722DA2546620600B6064B /* GitHubContributionsWidget.intentdefinition in Sources */ = {isa = PBXBuildFile; fileRef = 77A722DC2546620600B6064B /* GitHubContributionsWidget.intentdefinition */; };
		77B39C9225CF3D6500B5D0B8 /* UIAlertControllerExtensions.swift in Sources */ = {isa = PBXBuildFile; fileRef = 77B39C9125CF3D6500B5D0B8 /* UIAlertControllerExtensions.swift */; };
		77B39CB825CF59B000B5D0B8 /* ContributionsListViewModel.swift in Sources */ = {isa = PBXBuildFile; fileRef = 77B39CB725CF59B000B5D0B8 /* ContributionsListViewModel.swift */; };
		77B39CC225CF5ACF00B5D0B8 /* UserDefaultsExtensions.swift in Sources */ = {isa = PBXBuildFile; fileRef = 77B39CC125CF5ACF00B5D0B8 /* UserDefaultsExtensions.swift */; };
		77BD1E982540EDDF00830186 /* Localizable.strings in Resources */ = {isa = PBXBuildFile; fileRef = 77BD1E9A2540EDDF00830186 /* Localizable.strings */; };
		77BD1EA02540EF0800830186 /* SettingsRow.swift in Sources */ = {isa = PBXBuildFile; fileRef = 77BD1E9F2540EF0800830186 /* SettingsRow.swift */; };
		77BD1EA62540EF4300830186 /* SettingsItem.swift in Sources */ = {isa = PBXBuildFile; fileRef = 77BD1EA52540EF4300830186 /* SettingsItem.swift */; };
		77BD1EAC2540EFB500830186 /* NetworkKitExtensions.swift in Sources */ = {isa = PBXBuildFile; fileRef = 77BD1EAB2540EFB500830186 /* NetworkKitExtensions.swift */; };
		77BD1EB82540F60000830186 /* GuideView.swift in Sources */ = {isa = PBXBuildFile; fileRef = 77BD1EB72540F60000830186 /* GuideView.swift */; };
		77BF7ACF2543537E006DA340 /* GitHubContributionsViewModel.swift in Sources */ = {isa = PBXBuildFile; fileRef = 77BF7AC925435329006DA340 /* GitHubContributionsViewModel.swift */; };
		77BF7AE125435ECD006DA340 /* GitHubContributionsGraphEntryView.swift in Sources */ = {isa = PBXBuildFile; fileRef = 77BF7AE025435ECD006DA340 /* GitHubContributionsGraphEntryView.swift */; };
		77BF7AE725435FB1006DA340 /* GitHubContributionsGraphWidgetView.swift in Sources */ = {isa = PBXBuildFile; fileRef = 77BF7AE625435FB1006DA340 /* GitHubContributionsGraphWidgetView.swift */; };
		77BF7B3D2543B33B006DA340 /* StepView.swift in Sources */ = {isa = PBXBuildFile; fileRef = 77BF7B3C2543B33A006DA340 /* StepView.swift */; };
		77BF7B432543B361006DA340 /* Step.swift in Sources */ = {isa = PBXBuildFile; fileRef = 77BF7B422543B361006DA340 /* Step.swift */; };
		B97389AD27F9C976001C5A5E /* InterfaceKit in Frameworks */ = {isa = PBXBuildFile; productRef = B97389AC27F9C976001C5A5E /* InterfaceKit */; };
		B97389AF27F9C979001C5A5E /* NetworkKit in Frameworks */ = {isa = PBXBuildFile; productRef = B97389AE27F9C979001C5A5E /* NetworkKit */; };
		B97389B127F9C985001C5A5E /* InterfaceKit in Frameworks */ = {isa = PBXBuildFile; productRef = B97389B027F9C985001C5A5E /* InterfaceKit */; };
		B97389B327F9C988001C5A5E /* NetworkKit in Frameworks */ = {isa = PBXBuildFile; productRef = B97389B227F9C988001C5A5E /* NetworkKit */; };
		BE67BFC326DBBF3B00B09345 /* Kingfisher in Frameworks */ = {isa = PBXBuildFile; productRef = BE67BFC226DBBF3B00B09345 /* Kingfisher */; };
/* End PBXBuildFile section */

/* Begin PBXContainerItemProxy section */
		777D66602537A18F001029C4 /* PBXContainerItemProxy */ = {
			isa = PBXContainerItemProxy;
			containerPortal = 777D65E425379A23001029C4 /* Project object */;
			proxyType = 1;
			remoteGlobalIDString = 777D66512537A18D001029C4;
			remoteInfo = GitHubContributionsWidgetExtension;
		};
/* End PBXContainerItemProxy section */

/* Begin PBXCopyFilesBuildPhase section */
		777D66632537A18F001029C4 /* Embed App Extensions */ = {
			isa = PBXCopyFilesBuildPhase;
			buildActionMask = 2147483647;
			dstPath = "";
			dstSubfolderSpec = 13;
			files = (
				777D66622537A18F001029C4 /* GitHubContributionsWidgetExtension.appex in Embed App Extensions */,
			);
			name = "Embed App Extensions";
			runOnlyForDeploymentPostprocessing = 0;
		};
/* End PBXCopyFilesBuildPhase section */

/* Begin PBXFileReference section */
		7702E18925CF2DC9003ECC3D /* ContributionsList.swift */ = {isa = PBXFileReference; lastKnownFileType = sourcecode.swift; path = ContributionsList.swift; sourceTree = "<group>"; };
		771E3B4E253CEADD00984A0B /* ArrayExtensions.swift */ = {isa = PBXFileReference; lastKnownFileType = sourcecode.swift; path = ArrayExtensions.swift; sourceTree = "<group>"; };
		771E3B59253CEBCE00984A0B /* DateExtensions.swift */ = {isa = PBXFileReference; lastKnownFileType = sourcecode.swift; path = DateExtensions.swift; sourceTree = "<group>"; };
		771E3BA8253E423700984A0B /* GitHubContributionsGraphWidget.swift */ = {isa = PBXFileReference; lastKnownFileType = sourcecode.swift; path = GitHubContributionsGraphWidget.swift; sourceTree = "<group>"; };
		771E3BAE253E42BA00984A0B /* GitHubContributionsProvider.swift */ = {isa = PBXFileReference; lastKnownFileType = sourcecode.swift; path = GitHubContributionsProvider.swift; sourceTree = "<group>"; };
		771E3BB8253E440500984A0B /* ThemeExtensions.swift */ = {isa = PBXFileReference; lastKnownFileType = sourcecode.swift; path = ThemeExtensions.swift; sourceTree = "<group>"; };
		7761A6F42543BD82000871E3 /* ContributionsRow.swift */ = {isa = PBXFileReference; lastKnownFileType = sourcecode.swift; path = ContributionsRow.swift; sourceTree = "<group>"; };
		7761A6FA2543BDB6000871E3 /* ContributionsRowViewModel.swift */ = {isa = PBXFileReference; lastKnownFileType = sourcecode.swift; path = ContributionsRowViewModel.swift; sourceTree = "<group>"; };
		7761A75E2544A24C000871E3 /* en */ = {isa = PBXFileReference; lastKnownFileType = text.plist.strings; name = en; path = en.lproj/Localizable.strings; sourceTree = "<group>"; };
		7761A7652544A24F000871E3 /* en */ = {isa = PBXFileReference; lastKnownFileType = text.plist.stringsdict; name = en; path = en.lproj/Localizable.stringsdict; sourceTree = "<group>"; };
		7761A76C2544A256000871E3 /* en */ = {isa = PBXFileReference; lastKnownFileType = text.plist.stringsdict; name = en; path = en.lproj/Localizable.stringsdict; sourceTree = "<group>"; };
		7761A7732544A259000871E3 /* en */ = {isa = PBXFileReference; lastKnownFileType = text.plist.strings; name = en; path = en.lproj/InfoPlist.strings; sourceTree = "<group>"; };
		777D65EC25379A23001029C4 /* GitHubContributions.app */ = {isa = PBXFileReference; explicitFileType = wrapper.application; includeInIndex = 0; path = GitHubContributions.app; sourceTree = BUILT_PRODUCTS_DIR; };
		777D65EF25379A23001029C4 /* GitHubContributionsApp.swift */ = {isa = PBXFileReference; lastKnownFileType = sourcecode.swift; path = GitHubContributionsApp.swift; sourceTree = "<group>"; };
		777D65F125379A23001029C4 /* SettingsView.swift */ = {isa = PBXFileReference; lastKnownFileType = sourcecode.swift; path = SettingsView.swift; sourceTree = "<group>"; };
		777D65F325379A27001029C4 /* Assets.xcassets */ = {isa = PBXFileReference; lastKnownFileType = folder.assetcatalog; path = Assets.xcassets; sourceTree = "<group>"; };
		777D65F625379A27001029C4 /* Preview Assets.xcassets */ = {isa = PBXFileReference; lastKnownFileType = folder.assetcatalog; path = "Preview Assets.xcassets"; sourceTree = "<group>"; };
		777D65F825379A27001029C4 /* Info.plist */ = {isa = PBXFileReference; lastKnownFileType = text.plist.xml; path = Info.plist; sourceTree = "<group>"; };
		777D66522537A18D001029C4 /* GitHubContributionsWidgetExtension.appex */ = {isa = PBXFileReference; explicitFileType = "wrapper.app-extension"; includeInIndex = 0; path = GitHubContributionsWidgetExtension.appex; sourceTree = BUILT_PRODUCTS_DIR; };
		777D66532537A18D001029C4 /* WidgetKit.framework */ = {isa = PBXFileReference; lastKnownFileType = wrapper.framework; name = WidgetKit.framework; path = System/Library/Frameworks/WidgetKit.framework; sourceTree = SDKROOT; };
		777D66552537A18D001029C4 /* SwiftUI.framework */ = {isa = PBXFileReference; lastKnownFileType = wrapper.framework; name = SwiftUI.framework; path = System/Library/Frameworks/SwiftUI.framework; sourceTree = SDKROOT; };
		777D66582537A18D001029C4 /* GitHubContributionsWidgetBundle.swift */ = {isa = PBXFileReference; lastKnownFileType = sourcecode.swift; path = GitHubContributionsWidgetBundle.swift; sourceTree = "<group>"; };
		777D665B2537A18F001029C4 /* Assets.xcassets */ = {isa = PBXFileReference; lastKnownFileType = folder.assetcatalog; path = Assets.xcassets; sourceTree = "<group>"; };
		777D665D2537A18F001029C4 /* Info.plist */ = {isa = PBXFileReference; lastKnownFileType = text.plist.xml; path = Info.plist; sourceTree = "<group>"; };
		779B0F05253F8DA40046B7E1 /* SettingsViewModel.swift */ = {isa = PBXFileReference; lastKnownFileType = sourcecode.swift; path = SettingsViewModel.swift; sourceTree = "<group>"; };
		77A722762546572500B6064B /* es */ = {isa = PBXFileReference; lastKnownFileType = text.plist.strings; name = es; path = es.lproj/Localizable.strings; sourceTree = "<group>"; };
		77A7227B2546572500B6064B /* es */ = {isa = PBXFileReference; lastKnownFileType = text.plist.stringsdict; name = es; path = es.lproj/Localizable.stringsdict; sourceTree = "<group>"; };
		77A7227C2546572500B6064B /* es */ = {isa = PBXFileReference; lastKnownFileType = text.plist.strings; name = es; path = es.lproj/InfoPlist.strings; sourceTree = "<group>"; };
		77A7227D2546572500B6064B /* es */ = {isa = PBXFileReference; lastKnownFileType = text.plist.strings; name = es; path = es.lproj/Localizable.strings; sourceTree = "<group>"; };
		77A7227E2546572500B6064B /* es */ = {isa = PBXFileReference; lastKnownFileType = text.plist.stringsdict; name = es; path = es.lproj/Localizable.stringsdict; sourceTree = "<group>"; };
		77A722DB2546620600B6064B /* Base */ = {isa = PBXFileReference; lastKnownFileType = file.intentdefinition; name = Base; path = Base.lproj/GitHubContributionsWidget.intentdefinition; sourceTree = "<group>"; };
		77B39C9125CF3D6500B5D0B8 /* UIAlertControllerExtensions.swift */ = {isa = PBXFileReference; lastKnownFileType = sourcecode.swift; path = UIAlertControllerExtensions.swift; sourceTree = "<group>"; };
		77B39CB725CF59B000B5D0B8 /* ContributionsListViewModel.swift */ = {isa = PBXFileReference; lastKnownFileType = sourcecode.swift; path = ContributionsListViewModel.swift; sourceTree = "<group>"; };
		77B39CC125CF5ACF00B5D0B8 /* UserDefaultsExtensions.swift */ = {isa = PBXFileReference; lastKnownFileType = sourcecode.swift; path = UserDefaultsExtensions.swift; sourceTree = "<group>"; };
		77BD1E992540EDDF00830186 /* en */ = {isa = PBXFileReference; lastKnownFileType = text.plist.strings; name = en; path = en.lproj/Localizable.strings; sourceTree = "<group>"; };
		77BD1E9F2540EF0800830186 /* SettingsRow.swift */ = {isa = PBXFileReference; lastKnownFileType = sourcecode.swift; path = SettingsRow.swift; sourceTree = "<group>"; };
		77BD1EA52540EF4300830186 /* SettingsItem.swift */ = {isa = PBXFileReference; lastKnownFileType = sourcecode.swift; path = SettingsItem.swift; sourceTree = "<group>"; };
		77BD1EAB2540EFB500830186 /* NetworkKitExtensions.swift */ = {isa = PBXFileReference; lastKnownFileType = sourcecode.swift; path = NetworkKitExtensions.swift; sourceTree = "<group>"; };
		77BD1EB72540F60000830186 /* GuideView.swift */ = {isa = PBXFileReference; lastKnownFileType = sourcecode.swift; path = GuideView.swift; sourceTree = "<group>"; };
		77BF7AC925435329006DA340 /* GitHubContributionsViewModel.swift */ = {isa = PBXFileReference; lastKnownFileType = sourcecode.swift; path = GitHubContributionsViewModel.swift; sourceTree = "<group>"; };
		77BF7AE025435ECD006DA340 /* GitHubContributionsGraphEntryView.swift */ = {isa = PBXFileReference; lastKnownFileType = sourcecode.swift; path = GitHubContributionsGraphEntryView.swift; sourceTree = "<group>"; };
		77BF7AE625435FB1006DA340 /* GitHubContributionsGraphWidgetView.swift */ = {isa = PBXFileReference; lastKnownFileType = sourcecode.swift; path = GitHubContributionsGraphWidgetView.swift; sourceTree = "<group>"; };
		77BF7B3C2543B33A006DA340 /* StepView.swift */ = {isa = PBXFileReference; lastKnownFileType = sourcecode.swift; path = StepView.swift; sourceTree = "<group>"; };
		77BF7B422543B361006DA340 /* Step.swift */ = {isa = PBXFileReference; lastKnownFileType = sourcecode.swift; path = Step.swift; sourceTree = "<group>"; };
		B97389AA27F9C93B001C5A5E /* InterfaceKit */ = {isa = PBXFileReference; lastKnownFileType = wrapper; path = InterfaceKit; sourceTree = "<group>"; };
		B97389AB27F9C94F001C5A5E /* NetworkKit */ = {isa = PBXFileReference; lastKnownFileType = wrapper; path = NetworkKit; sourceTree = "<group>"; };
		BE67BFC726DBC57600B09345 /* es */ = {isa = PBXFileReference; lastKnownFileType = text.plist.strings; name = es; path = es.lproj/GitHubContributionsWidget.strings; sourceTree = "<group>"; };
/* End PBXFileReference section */

/* Begin PBXFrameworksBuildPhase section */
		777D65E925379A23001029C4 /* Frameworks */ = {
			isa = PBXFrameworksBuildPhase;
			buildActionMask = 2147483647;
			files = (
				B97389AF27F9C979001C5A5E /* NetworkKit in Frameworks */,
				BE67BFC326DBBF3B00B09345 /* Kingfisher in Frameworks */,
				B97389AD27F9C976001C5A5E /* InterfaceKit in Frameworks */,
			);
			runOnlyForDeploymentPostprocessing = 0;
		};
		777D664F2537A18D001029C4 /* Frameworks */ = {
			isa = PBXFrameworksBuildPhase;
			buildActionMask = 2147483647;
			files = (
				B97389B327F9C988001C5A5E /* NetworkKit in Frameworks */,
				777D66562537A18D001029C4 /* SwiftUI.framework in Frameworks */,
				B97389B127F9C985001C5A5E /* InterfaceKit in Frameworks */,
				777D66542537A18D001029C4 /* WidgetKit.framework in Frameworks */,
			);
			runOnlyForDeploymentPostprocessing = 0;
		};
/* End PBXFrameworksBuildPhase section */

/* Begin PBXGroup section */
		7702E17E25CF2D76003ECC3D /* Contributions */ = {
			isa = PBXGroup;
			children = (
				7702E18925CF2DC9003ECC3D /* ContributionsList.swift */,
				77B39CB725CF59B000B5D0B8 /* ContributionsListViewModel.swift */,
				7761A6F42543BD82000871E3 /* ContributionsRow.swift */,
				7761A6FA2543BDB6000871E3 /* ContributionsRowViewModel.swift */,
			);
			path = Contributions;
			sourceTree = "<group>";
		};
		771E3B4D253CEACD00984A0B /* Extensions */ = {
			isa = PBXGroup;
			children = (
				771E3B4E253CEADD00984A0B /* ArrayExtensions.swift */,
				771E3B59253CEBCE00984A0B /* DateExtensions.swift */,
				771E3BB8253E440500984A0B /* ThemeExtensions.swift */,
			);
			path = Extensions;
			sourceTree = "<group>";
		};
		777D65E325379A23001029C4 = {
			isa = PBXGroup;
			children = (
				B97389A927F9C93B001C5A5E /* Packages */,
				777D65EE25379A23001029C4 /* GitHubContributions */,
				777D66572537A18D001029C4 /* GitHubContributionsWidget */,
				777D65ED25379A23001029C4 /* Products */,
				777D662825379D10001029C4 /* Frameworks */,
			);
			sourceTree = "<group>";
		};
		777D65ED25379A23001029C4 /* Products */ = {
			isa = PBXGroup;
			children = (
				777D65EC25379A23001029C4 /* GitHubContributions.app */,
				777D66522537A18D001029C4 /* GitHubContributionsWidgetExtension.appex */,
			);
			name = Products;
			sourceTree = "<group>";
		};
		777D65EE25379A23001029C4 /* GitHubContributions */ = {
			isa = PBXGroup;
			children = (
				777D65EF25379A23001029C4 /* GitHubContributionsApp.swift */,
				7702E17E25CF2D76003ECC3D /* Contributions */,
				77BF7B4A2543B38D006DA340 /* Settings */,
				77BF7B492543B380006DA340 /* Guide */,
				77BF7B482543B373006DA340 /* Extensions */,
				77BF7B4C2543B3D1006DA340 /* Resources */,
				777D65F525379A27001029C4 /* Preview Content */,
			);
			path = GitHubContributions;
			sourceTree = "<group>";
		};
		777D65F525379A27001029C4 /* Preview Content */ = {
			isa = PBXGroup;
			children = (
				777D65F625379A27001029C4 /* Preview Assets.xcassets */,
			);
			path = "Preview Content";
			sourceTree = "<group>";
		};
		777D662825379D10001029C4 /* Frameworks */ = {
			isa = PBXGroup;
			children = (
				777D66532537A18D001029C4 /* WidgetKit.framework */,
				777D66552537A18D001029C4 /* SwiftUI.framework */,
			);
			name = Frameworks;
			sourceTree = "<group>";
		};
		777D66572537A18D001029C4 /* GitHubContributionsWidget */ = {
			isa = PBXGroup;
			children = (
				777D66582537A18D001029C4 /* GitHubContributionsWidgetBundle.swift */,
				771E3BA8253E423700984A0B /* GitHubContributionsGraphWidget.swift */,
				77BF7AE025435ECD006DA340 /* GitHubContributionsGraphEntryView.swift */,
				77BF7AE625435FB1006DA340 /* GitHubContributionsGraphWidgetView.swift */,
				77BF7AC925435329006DA340 /* GitHubContributionsViewModel.swift */,
				771E3BAE253E42BA00984A0B /* GitHubContributionsProvider.swift */,
				771E3B4D253CEACD00984A0B /* Extensions */,
				77BF7B512543B405006DA340 /* Resources */,
			);
			path = GitHubContributionsWidget;
			sourceTree = "<group>";
		};
		77BF7B482543B373006DA340 /* Extensions */ = {
			isa = PBXGroup;
			children = (
				77BD1EAB2540EFB500830186 /* NetworkKitExtensions.swift */,
				77B39C9125CF3D6500B5D0B8 /* UIAlertControllerExtensions.swift */,
				77B39CC125CF5ACF00B5D0B8 /* UserDefaultsExtensions.swift */,
			);
			path = Extensions;
			sourceTree = "<group>";
		};
		77BF7B492543B380006DA340 /* Guide */ = {
			isa = PBXGroup;
			children = (
				77BD1EB72540F60000830186 /* GuideView.swift */,
				77BF7B3C2543B33A006DA340 /* StepView.swift */,
				77BF7B422543B361006DA340 /* Step.swift */,
			);
			path = Guide;
			sourceTree = "<group>";
		};
		77BF7B4A2543B38D006DA340 /* Settings */ = {
			isa = PBXGroup;
			children = (
				77BD1EA52540EF4300830186 /* SettingsItem.swift */,
				77BD1E9F2540EF0800830186 /* SettingsRow.swift */,
				777D65F125379A23001029C4 /* SettingsView.swift */,
				779B0F05253F8DA40046B7E1 /* SettingsViewModel.swift */,
			);
			path = Settings;
			sourceTree = "<group>";
		};
		77BF7B4C2543B3D1006DA340 /* Resources */ = {
			isa = PBXGroup;
			children = (
				777D65F325379A27001029C4 /* Assets.xcassets */,
				77BD1E9A2540EDDF00830186 /* Localizable.strings */,
				7761A76D2544A256000871E3 /* Localizable.stringsdict */,
				7761A7742544A259000871E3 /* InfoPlist.strings */,
				777D65F825379A27001029C4 /* Info.plist */,
			);
			name = Resources;
			sourceTree = "<group>";
		};
		77BF7B512543B405006DA340 /* Resources */ = {
			isa = PBXGroup;
			children = (
				777D665B2537A18F001029C4 /* Assets.xcassets */,
				7761A75F2544A24C000871E3 /* Localizable.strings */,
				7761A7662544A24F000871E3 /* Localizable.stringsdict */,
				77A722DC2546620600B6064B /* GitHubContributionsWidget.intentdefinition */,
				777D665D2537A18F001029C4 /* Info.plist */,
			);
			name = Resources;
			sourceTree = "<group>";
		};
		B97389A927F9C93B001C5A5E /* Packages */ = {
			isa = PBXGroup;
			children = (
				B97389AA27F9C93B001C5A5E /* InterfaceKit */,
				B97389AB27F9C94F001C5A5E /* NetworkKit */,
			);
			name = Packages;
			sourceTree = "<group>";
		};
/* End PBXGroup section */

/* Begin PBXNativeTarget section */
		777D65EB25379A23001029C4 /* GitHubContributions */ = {
			isa = PBXNativeTarget;
			buildConfigurationList = 777D661125379A28001029C4 /* Build configuration list for PBXNativeTarget "GitHubContributions" */;
			buildPhases = (
				777D65E825379A23001029C4 /* Sources */,
				777D65E925379A23001029C4 /* Frameworks */,
				777D65EA25379A23001029C4 /* Resources */,
				777D66632537A18F001029C4 /* Embed App Extensions */,
			);
			buildRules = (
			);
			dependencies = (
				777D66612537A18F001029C4 /* PBXTargetDependency */,
			);
			name = GitHubContributions;
			packageProductDependencies = (
				BE67BFC226DBBF3B00B09345 /* Kingfisher */,
				B97389AC27F9C976001C5A5E /* InterfaceKit */,
				B97389AE27F9C979001C5A5E /* NetworkKit */,
			);
			productName = GitHubContributions;
			productReference = 777D65EC25379A23001029C4 /* GitHubContributions.app */;
			productType = "com.apple.product-type.application";
		};
		777D66512537A18D001029C4 /* GitHubContributionsWidgetExtension */ = {
			isa = PBXNativeTarget;
			buildConfigurationList = 777D66662537A18F001029C4 /* Build configuration list for PBXNativeTarget "GitHubContributionsWidgetExtension" */;
			buildPhases = (
				777D664E2537A18D001029C4 /* Sources */,
				777D664F2537A18D001029C4 /* Frameworks */,
				777D66502537A18D001029C4 /* Resources */,
			);
			buildRules = (
			);
			dependencies = (
			);
			name = GitHubContributionsWidgetExtension;
			packageProductDependencies = (
				B97389B027F9C985001C5A5E /* InterfaceKit */,
				B97389B227F9C988001C5A5E /* NetworkKit */,
			);
			productName = GitHubContributionsWidgetExtension;
			productReference = 777D66522537A18D001029C4 /* GitHubContributionsWidgetExtension.appex */;
			productType = "com.apple.product-type.app-extension";
		};
/* End PBXNativeTarget section */

/* Begin PBXProject section */
		777D65E425379A23001029C4 /* Project object */ = {
			isa = PBXProject;
			attributes = {
				LastSwiftUpdateCheck = 1200;
				LastUpgradeCheck = 1200;
				TargetAttributes = {
					777D65EB25379A23001029C4 = {
						CreatedOnToolsVersion = 12.0.1;
					};
					777D66512537A18D001029C4 = {
						CreatedOnToolsVersion = 12.0.1;
					};
				};
			};
			buildConfigurationList = 777D65E725379A23001029C4 /* Build configuration list for PBXProject "GitHubContributions" */;
			compatibilityVersion = "Xcode 9.3";
			developmentRegion = en;
			hasScannedForEncodings = 0;
			knownRegions = (
				en,
				es,
				Base,
			);
			mainGroup = 777D65E325379A23001029C4;
			packageReferences = (
				BE67BFC126DBBF3B00B09345 /* XCRemoteSwiftPackageReference "Kingfisher" */,
			);
			productRefGroup = 777D65ED25379A23001029C4 /* Products */;
			projectDirPath = "";
			projectRoot = "";
			targets = (
				777D65EB25379A23001029C4 /* GitHubContributions */,
				777D66512537A18D001029C4 /* GitHubContributionsWidgetExtension */,
			);
		};
/* End PBXProject section */

/* Begin PBXResourcesBuildPhase section */
		777D65EA25379A23001029C4 /* Resources */ = {
			isa = PBXResourcesBuildPhase;
			buildActionMask = 2147483647;
			files = (
				777D65F725379A27001029C4 /* Preview Assets.xcassets in Resources */,
				7761A76B2544A256000871E3 /* Localizable.stringsdict in Resources */,
				77BD1E982540EDDF00830186 /* Localizable.strings in Resources */,
				777D65F425379A27001029C4 /* Assets.xcassets in Resources */,
				7761A7722544A259000871E3 /* InfoPlist.strings in Resources */,
			);
			runOnlyForDeploymentPostprocessing = 0;
		};
		777D66502537A18D001029C4 /* Resources */ = {
			isa = PBXResourcesBuildPhase;
			buildActionMask = 2147483647;
			files = (
				777D665C2537A18F001029C4 /* Assets.xcassets in Resources */,
				7761A75D2544A24C000871E3 /* Localizable.strings in Resources */,
				7761A7642544A24F000871E3 /* Localizable.stringsdict in Resources */,
			);
			runOnlyForDeploymentPostprocessing = 0;
		};
/* End PBXResourcesBuildPhase section */

/* Begin PBXSourcesBuildPhase section */
		777D65E825379A23001029C4 /* Sources */ = {
			isa = PBXSourcesBuildPhase;
			buildActionMask = 2147483647;
			files = (
				7761A6F52543BD82000871E3 /* ContributionsRow.swift in Sources */,
				7761A6FB2543BDB6000871E3 /* ContributionsRowViewModel.swift in Sources */,
				777D65F225379A23001029C4 /* SettingsView.swift in Sources */,
				77BD1EB82540F60000830186 /* GuideView.swift in Sources */,
				77A722D92546620600B6064B /* GitHubContributionsWidget.intentdefinition in Sources */,
				77B39C9225CF3D6500B5D0B8 /* UIAlertControllerExtensions.swift in Sources */,
				77BD1EA02540EF0800830186 /* SettingsRow.swift in Sources */,
				777D65F025379A23001029C4 /* GitHubContributionsApp.swift in Sources */,
				77BF7B3D2543B33B006DA340 /* StepView.swift in Sources */,
				779B0F06253F8DA40046B7E1 /* SettingsViewModel.swift in Sources */,
				77B39CC225CF5ACF00B5D0B8 /* UserDefaultsExtensions.swift in Sources */,
				77BF7B432543B361006DA340 /* Step.swift in Sources */,
				77B39CB825CF59B000B5D0B8 /* ContributionsListViewModel.swift in Sources */,
				77BD1EAC2540EFB500830186 /* NetworkKitExtensions.swift in Sources */,
				7702E18A25CF2DC9003ECC3D /* ContributionsList.swift in Sources */,
				77BD1EA62540EF4300830186 /* SettingsItem.swift in Sources */,
			);
			runOnlyForDeploymentPostprocessing = 0;
		};
		777D664E2537A18D001029C4 /* Sources */ = {
			isa = PBXSourcesBuildPhase;
			buildActionMask = 2147483647;
			files = (
				77BF7AE125435ECD006DA340 /* GitHubContributionsGraphEntryView.swift in Sources */,
				771E3B5A253CEBCE00984A0B /* DateExtensions.swift in Sources */,
				777D66592537A18D001029C4 /* GitHubContributionsWidgetBundle.swift in Sources */,
				771E3BB9253E440500984A0B /* ThemeExtensions.swift in Sources */,
				771E3BA9253E423700984A0B /* GitHubContributionsGraphWidget.swift in Sources */,
				771E3B54253CEB7600984A0B /* ArrayExtensions.swift in Sources */,
				77BF7ACF2543537E006DA340 /* GitHubContributionsViewModel.swift in Sources */,
				77BF7AE725435FB1006DA340 /* GitHubContributionsGraphWidgetView.swift in Sources */,
				77A722DA2546620600B6064B /* GitHubContributionsWidget.intentdefinition in Sources */,
				771E3BAF253E42BA00984A0B /* GitHubContributionsProvider.swift in Sources */,
			);
			runOnlyForDeploymentPostprocessing = 0;
		};
/* End PBXSourcesBuildPhase section */

/* Begin PBXTargetDependency section */
		777D66612537A18F001029C4 /* PBXTargetDependency */ = {
			isa = PBXTargetDependency;
			target = 777D66512537A18D001029C4 /* GitHubContributionsWidgetExtension */;
			targetProxy = 777D66602537A18F001029C4 /* PBXContainerItemProxy */;
		};
/* End PBXTargetDependency section */

/* Begin PBXVariantGroup section */
		7761A75F2544A24C000871E3 /* Localizable.strings */ = {
			isa = PBXVariantGroup;
			children = (
				7761A75E2544A24C000871E3 /* en */,
				77A7227D2546572500B6064B /* es */,
			);
			name = Localizable.strings;
			sourceTree = "<group>";
		};
		7761A7662544A24F000871E3 /* Localizable.stringsdict */ = {
			isa = PBXVariantGroup;
			children = (
				7761A7652544A24F000871E3 /* en */,
				77A7227E2546572500B6064B /* es */,
			);
			name = Localizable.stringsdict;
			sourceTree = "<group>";
		};
		7761A76D2544A256000871E3 /* Localizable.stringsdict */ = {
			isa = PBXVariantGroup;
			children = (
				7761A76C2544A256000871E3 /* en */,
				77A7227B2546572500B6064B /* es */,
			);
			name = Localizable.stringsdict;
			sourceTree = "<group>";
		};
		7761A7742544A259000871E3 /* InfoPlist.strings */ = {
			isa = PBXVariantGroup;
			children = (
				7761A7732544A259000871E3 /* en */,
				77A7227C2546572500B6064B /* es */,
			);
			name = InfoPlist.strings;
			sourceTree = "<group>";
		};
		77A722DC2546620600B6064B /* GitHubContributionsWidget.intentdefinition */ = {
			isa = PBXVariantGroup;
			children = (
				77A722DB2546620600B6064B /* Base */,
				BE67BFC726DBC57600B09345 /* es */,
			);
			name = GitHubContributionsWidget.intentdefinition;
			sourceTree = "<group>";
		};
		77BD1E9A2540EDDF00830186 /* Localizable.strings */ = {
			isa = PBXVariantGroup;
			children = (
				77BD1E992540EDDF00830186 /* en */,
				77A722762546572500B6064B /* es */,
			);
			name = Localizable.strings;
			sourceTree = "<group>";
		};
/* End PBXVariantGroup section */

/* Begin XCBuildConfiguration section */
		777D660F25379A28001029C4 /* Debug */ = {
			isa = XCBuildConfiguration;
			buildSettings = {
				ALWAYS_SEARCH_USER_PATHS = NO;
				CLANG_ANALYZER_LOCALIZABILITY_NONLOCALIZED = YES;
				CLANG_ANALYZER_NONNULL = YES;
				CLANG_ANALYZER_NUMBER_OBJECT_CONVERSION = YES_AGGRESSIVE;
				CLANG_CXX_LANGUAGE_STANDARD = "gnu++14";
				CLANG_CXX_LIBRARY = "libc++";
				CLANG_ENABLE_MODULES = YES;
				CLANG_ENABLE_OBJC_ARC = YES;
				CLANG_ENABLE_OBJC_WEAK = YES;
				CLANG_WARN_BLOCK_CAPTURE_AUTORELEASING = YES;
				CLANG_WARN_BOOL_CONVERSION = YES;
				CLANG_WARN_COMMA = YES;
				CLANG_WARN_CONSTANT_CONVERSION = YES;
				CLANG_WARN_DEPRECATED_OBJC_IMPLEMENTATIONS = YES;
				CLANG_WARN_DIRECT_OBJC_ISA_USAGE = YES_ERROR;
				CLANG_WARN_DOCUMENTATION_COMMENTS = YES;
				CLANG_WARN_EMPTY_BODY = YES;
				CLANG_WARN_ENUM_CONVERSION = YES;
				CLANG_WARN_INFINITE_RECURSION = YES;
				CLANG_WARN_INT_CONVERSION = YES;
				CLANG_WARN_NON_LITERAL_NULL_CONVERSION = YES;
				CLANG_WARN_OBJC_IMPLICIT_RETAIN_SELF = YES;
				CLANG_WARN_OBJC_LITERAL_CONVERSION = YES;
				CLANG_WARN_OBJC_ROOT_CLASS = YES_ERROR;
				CLANG_WARN_QUOTED_INCLUDE_IN_FRAMEWORK_HEADER = YES;
				CLANG_WARN_RANGE_LOOP_ANALYSIS = YES;
				CLANG_WARN_STRICT_PROTOTYPES = YES;
				CLANG_WARN_SUSPICIOUS_MOVE = YES;
				CLANG_WARN_UNGUARDED_AVAILABILITY = YES_AGGRESSIVE;
				CLANG_WARN_UNREACHABLE_CODE = YES;
				CLANG_WARN__DUPLICATE_METHOD_MATCH = YES;
				COPY_PHASE_STRIP = NO;
				DEBUG_INFORMATION_FORMAT = dwarf;
				ENABLE_STRICT_OBJC_MSGSEND = YES;
				ENABLE_TESTABILITY = YES;
				GCC_C_LANGUAGE_STANDARD = gnu11;
				GCC_DYNAMIC_NO_PIC = NO;
				GCC_NO_COMMON_BLOCKS = YES;
				GCC_OPTIMIZATION_LEVEL = 0;
				GCC_PREPROCESSOR_DEFINITIONS = (
					"DEBUG=1",
					"$(inherited)",
				);
				GCC_WARN_64_TO_32_BIT_CONVERSION = YES;
				GCC_WARN_ABOUT_RETURN_TYPE = YES_ERROR;
				GCC_WARN_UNDECLARED_SELECTOR = YES;
				GCC_WARN_UNINITIALIZED_AUTOS = YES_AGGRESSIVE;
				GCC_WARN_UNUSED_FUNCTION = YES;
				GCC_WARN_UNUSED_VARIABLE = YES;
				IPHONEOS_DEPLOYMENT_TARGET = 15.0;
				MTL_ENABLE_DEBUG_INFO = INCLUDE_SOURCE;
				MTL_FAST_MATH = YES;
				ONLY_ACTIVE_ARCH = YES;
				SDKROOT = iphoneos;
				SWIFT_ACTIVE_COMPILATION_CONDITIONS = DEBUG;
				SWIFT_OPTIMIZATION_LEVEL = "-Onone";
			};
			name = Debug;
		};
		777D661025379A28001029C4 /* Release */ = {
			isa = XCBuildConfiguration;
			buildSettings = {
				ALWAYS_SEARCH_USER_PATHS = NO;
				CLANG_ANALYZER_LOCALIZABILITY_NONLOCALIZED = YES;
				CLANG_ANALYZER_NONNULL = YES;
				CLANG_ANALYZER_NUMBER_OBJECT_CONVERSION = YES_AGGRESSIVE;
				CLANG_CXX_LANGUAGE_STANDARD = "gnu++14";
				CLANG_CXX_LIBRARY = "libc++";
				CLANG_ENABLE_MODULES = YES;
				CLANG_ENABLE_OBJC_ARC = YES;
				CLANG_ENABLE_OBJC_WEAK = YES;
				CLANG_WARN_BLOCK_CAPTURE_AUTORELEASING = YES;
				CLANG_WARN_BOOL_CONVERSION = YES;
				CLANG_WARN_COMMA = YES;
				CLANG_WARN_CONSTANT_CONVERSION = YES;
				CLANG_WARN_DEPRECATED_OBJC_IMPLEMENTATIONS = YES;
				CLANG_WARN_DIRECT_OBJC_ISA_USAGE = YES_ERROR;
				CLANG_WARN_DOCUMENTATION_COMMENTS = YES;
				CLANG_WARN_EMPTY_BODY = YES;
				CLANG_WARN_ENUM_CONVERSION = YES;
				CLANG_WARN_INFINITE_RECURSION = YES;
				CLANG_WARN_INT_CONVERSION = YES;
				CLANG_WARN_NON_LITERAL_NULL_CONVERSION = YES;
				CLANG_WARN_OBJC_IMPLICIT_RETAIN_SELF = YES;
				CLANG_WARN_OBJC_LITERAL_CONVERSION = YES;
				CLANG_WARN_OBJC_ROOT_CLASS = YES_ERROR;
				CLANG_WARN_QUOTED_INCLUDE_IN_FRAMEWORK_HEADER = YES;
				CLANG_WARN_RANGE_LOOP_ANALYSIS = YES;
				CLANG_WARN_STRICT_PROTOTYPES = YES;
				CLANG_WARN_SUSPICIOUS_MOVE = YES;
				CLANG_WARN_UNGUARDED_AVAILABILITY = YES_AGGRESSIVE;
				CLANG_WARN_UNREACHABLE_CODE = YES;
				CLANG_WARN__DUPLICATE_METHOD_MATCH = YES;
				COPY_PHASE_STRIP = NO;
				DEBUG_INFORMATION_FORMAT = "dwarf-with-dsym";
				ENABLE_NS_ASSERTIONS = NO;
				ENABLE_STRICT_OBJC_MSGSEND = YES;
				GCC_C_LANGUAGE_STANDARD = gnu11;
				GCC_NO_COMMON_BLOCKS = YES;
				GCC_WARN_64_TO_32_BIT_CONVERSION = YES;
				GCC_WARN_ABOUT_RETURN_TYPE = YES_ERROR;
				GCC_WARN_UNDECLARED_SELECTOR = YES;
				GCC_WARN_UNINITIALIZED_AUTOS = YES_AGGRESSIVE;
				GCC_WARN_UNUSED_FUNCTION = YES;
				GCC_WARN_UNUSED_VARIABLE = YES;
				IPHONEOS_DEPLOYMENT_TARGET = 15.0;
				MTL_ENABLE_DEBUG_INFO = NO;
				MTL_FAST_MATH = YES;
				SDKROOT = iphoneos;
				SWIFT_COMPILATION_MODE = wholemodule;
				SWIFT_OPTIMIZATION_LEVEL = "-O";
				VALIDATE_PRODUCT = YES;
			};
			name = Release;
		};
		777D661225379A28001029C4 /* Debug */ = {
			isa = XCBuildConfiguration;
			buildSettings = {
				ALWAYS_EMBED_SWIFT_STANDARD_LIBRARIES = YES;
				ASSETCATALOG_COMPILER_APPICON_NAME = AppIcon;
				ASSETCATALOG_COMPILER_GLOBAL_ACCENT_COLOR_NAME = AccentColor;
				CODE_SIGN_STYLE = Automatic;
				CURRENT_PROJECT_VERSION = 9;
				DEVELOPMENT_ASSET_PATHS = "\"GitHubContributions/Preview Content\"";
				DEVELOPMENT_TEAM = 75Z728ZJJT;
				ENABLE_PREVIEWS = YES;
				INFOPLIST_FILE = GitHubContributions/Info.plist;
				LD_RUNPATH_SEARCH_PATHS = (
					"$(inherited)",
					"@executable_path/Frameworks",
				);
				PRODUCT_BUNDLE_IDENTIFIER = com.andergoig.GitHubContributions;
				PRODUCT_NAME = "$(TARGET_NAME)";
				SWIFT_VERSION = 5.0;
				TARGETED_DEVICE_FAMILY = 1;
				VERSIONING_SYSTEM = "apple-generic";
			};
			name = Debug;
		};
		777D661325379A28001029C4 /* Release */ = {
			isa = XCBuildConfiguration;
			buildSettings = {
				ALWAYS_EMBED_SWIFT_STANDARD_LIBRARIES = YES;
				ASSETCATALOG_COMPILER_APPICON_NAME = AppIcon;
				ASSETCATALOG_COMPILER_GLOBAL_ACCENT_COLOR_NAME = AccentColor;
				CODE_SIGN_STYLE = Automatic;
				CURRENT_PROJECT_VERSION = 9;
				DEVELOPMENT_ASSET_PATHS = "\"GitHubContributions/Preview Content\"";
				DEVELOPMENT_TEAM = 75Z728ZJJT;
				ENABLE_PREVIEWS = YES;
				INFOPLIST_FILE = GitHubContributions/Info.plist;
				LD_RUNPATH_SEARCH_PATHS = (
					"$(inherited)",
					"@executable_path/Frameworks",
				);
				PRODUCT_BUNDLE_IDENTIFIER = com.andergoig.GitHubContributions;
				PRODUCT_NAME = "$(TARGET_NAME)";
				SWIFT_VERSION = 5.0;
				TARGETED_DEVICE_FAMILY = 1;
				VERSIONING_SYSTEM = "apple-generic";
			};
			name = Release;
		};
		777D66642537A18F001029C4 /* Debug */ = {
			isa = XCBuildConfiguration;
			buildSettings = {
				ASSETCATALOG_COMPILER_GLOBAL_ACCENT_COLOR_NAME = AccentColor;
				ASSETCATALOG_COMPILER_WIDGET_BACKGROUND_COLOR_NAME = WidgetBackground;
				CODE_SIGN_STYLE = Automatic;
				CURRENT_PROJECT_VERSION = 9;
				DEVELOPMENT_TEAM = 75Z728ZJJT;
				INFOPLIST_FILE = GitHubContributionsWidget/Info.plist;
				LD_RUNPATH_SEARCH_PATHS = (
					"$(inherited)",
					"@executable_path/Frameworks",
					"@executable_path/../../Frameworks",
				);
				PRODUCT_BUNDLE_IDENTIFIER = com.andergoig.GitHubContributions.GitHubContributionsWidget;
				PRODUCT_NAME = "$(TARGET_NAME)";
				SKIP_INSTALL = YES;
				SWIFT_VERSION = 5.0;
				TARGETED_DEVICE_FAMILY = "1,2";
				VERSIONING_SYSTEM = "apple-generic";
			};
			name = Debug;
		};
		777D66652537A18F001029C4 /* Release */ = {
			isa = XCBuildConfiguration;
			buildSettings = {
				ASSETCATALOG_COMPILER_GLOBAL_ACCENT_COLOR_NAME = AccentColor;
				ASSETCATALOG_COMPILER_WIDGET_BACKGROUND_COLOR_NAME = WidgetBackground;
				CODE_SIGN_STYLE = Automatic;
				CURRENT_PROJECT_VERSION = 9;
				DEVELOPMENT_TEAM = 75Z728ZJJT;
				INFOPLIST_FILE = GitHubContributionsWidget/Info.plist;
				LD_RUNPATH_SEARCH_PATHS = (
					"$(inherited)",
					"@executable_path/Frameworks",
					"@executable_path/../../Frameworks",
				);
				PRODUCT_BUNDLE_IDENTIFIER = com.andergoig.GitHubContributions.GitHubContributionsWidget;
				PRODUCT_NAME = "$(TARGET_NAME)";
				SKIP_INSTALL = YES;
				SWIFT_VERSION = 5.0;
				TARGETED_DEVICE_FAMILY = "1,2";
				VERSIONING_SYSTEM = "apple-generic";
			};
			name = Release;
		};
/* End XCBuildConfiguration section */

/* Begin XCConfigurationList section */
		777D65E725379A23001029C4 /* Build configuration list for PBXProject "GitHubContributions" */ = {
			isa = XCConfigurationList;
			buildConfigurations = (
				777D660F25379A28001029C4 /* Debug */,
				777D661025379A28001029C4 /* Release */,
			);
			defaultConfigurationIsVisible = 0;
			defaultConfigurationName = Release;
		};
		777D661125379A28001029C4 /* Build configuration list for PBXNativeTarget "GitHubContributions" */ = {
			isa = XCConfigurationList;
			buildConfigurations = (
				777D661225379A28001029C4 /* Debug */,
				777D661325379A28001029C4 /* Release */,
			);
			defaultConfigurationIsVisible = 0;
			defaultConfigurationName = Release;
		};
		777D66662537A18F001029C4 /* Build configuration list for PBXNativeTarget "GitHubContributionsWidgetExtension" */ = {
			isa = XCConfigurationList;
			buildConfigurations = (
				777D66642537A18F001029C4 /* Debug */,
				777D66652537A18F001029C4 /* Release */,
			);
			defaultConfigurationIsVisible = 0;
			defaultConfigurationName = Release;
		};
/* End XCConfigurationList section */

/* Begin XCRemoteSwiftPackageReference section */
		BE67BFC126DBBF3B00B09345 /* XCRemoteSwiftPackageReference "Kingfisher" */ = {
			isa = XCRemoteSwiftPackageReference;
			repositoryURL = "https://github.com/onevcat/Kingfisher";
			requirement = {
				kind = upToNextMinorVersion;
				minimumVersion = 7.2.0;
			};
		};
/* End XCRemoteSwiftPackageReference section */

/* Begin XCSwiftPackageProductDependency section */
		B97389AC27F9C976001C5A5E /* InterfaceKit */ = {
			isa = XCSwiftPackageProductDependency;
			productName = InterfaceKit;
		};
		B97389AE27F9C979001C5A5E /* NetworkKit */ = {
			isa = XCSwiftPackageProductDependency;
			productName = NetworkKit;
		};
		B97389B027F9C985001C5A5E /* InterfaceKit */ = {
			isa = XCSwiftPackageProductDependency;
			productName = InterfaceKit;
		};
		B97389B227F9C988001C5A5E /* NetworkKit */ = {
			isa = XCSwiftPackageProductDependency;
			productName = NetworkKit;
		};
		BE67BFC226DBBF3B00B09345 /* Kingfisher */ = {
			isa = XCSwiftPackageProductDependency;
			package = BE67BFC126DBBF3B00B09345 /* XCRemoteSwiftPackageReference "Kingfisher" */;
			productName = Kingfisher;
		};
/* End XCSwiftPackageProductDependency section */
	};
	rootObject = 777D65E425379A23001029C4 /* Project object */;
}
