{
  "object": {
    "pins": [
      {
        "package": "Kingfisher",
        "repositoryURL": "https://github.com/onevcat/Kingfisher",
        "state": {
          "branch": null,
          "revision": "2015fda791daa72c8058619545a593bf8c1dd59f",
          "version": "8.5.0"
        }
      },
      {
        "package": "SwiftSoup",
        "repositoryURL": "https://github.com/scinfu/SwiftSoup.git",
        "state": {
          "branch": null,
          "revision": "04a5da442816f764b2a8513c38420b4e6605145b",
          "version": "2.10.1"
        }
      }
    ]
  },
  "version": 1
}
